
Microsoft Visual Studio Solution File, Format Version 12.00
# Visual Studio Version 17
VisualStudioVersion = 17.0.31903.59
MinimumVisualStudioVersion = 10.0.40219.1
Project("{2150E333-8FDC-42A3-9474-1A3956D46DE8}") = "src", "src", "{00FF3E33-5430-435A-8202-CF8C87339614}"
EndProject
Project("{9A19103F-16F7-4668-BE54-9A1E7A4F7556}") = "AhnManager.VerticalSliceArchitecture", "src\AhnManager.VerticalSliceArchitecture\AhnManager.VerticalSliceArchitecture.csproj", "{17192D91-E377-4363-951C-9B5156EF1BA5}"
EndProject
Project("{E53339B2-1760-4266-BCC7-CA923CBCF16C}") = "docker-compose", "docker-compose.dcproj", "{F856FFA3-89CF-4DE7-B50E-0343C9F5ECDA}"
EndProject
Global
	GlobalSection(SolutionConfigurationPlatforms) = preSolution
		Debug|Any CPU = Debug|Any CPU
		Release|Any CPU = Release|Any CPU
	EndGlobalSection
	GlobalSection(ProjectConfigurationPlatforms) = postSolution
		{17192D91-E377-4363-951C-9B5156EF1BA5}.Debug|Any CPU.ActiveCfg = Debug|Any CPU
		{17192D91-E377-4363-951C-9B5156EF1BA5}.Debug|Any CPU.Build.0 = Debug|Any CPU
		{17192D91-E377-4363-951C-9B5156EF1BA5}.Release|Any CPU.ActiveCfg = Release|Any CPU
		{17192D91-E377-4363-951C-9B5156EF1BA5}.Release|Any CPU.Build.0 = Release|Any CPU
		{F856FFA3-89CF-4DE7-B50E-0343C9F5ECDA}.Debug|Any CPU.ActiveCfg = Debug|Any CPU
		{F856FFA3-89CF-4DE7-B50E-0343C9F5ECDA}.Debug|Any CPU.Build.0 = Debug|Any CPU
		{F856FFA3-89CF-4DE7-B50E-0343C9F5ECDA}.Release|Any CPU.ActiveCfg = Release|Any CPU
		{F856FFA3-89CF-4DE7-B50E-0343C9F5ECDA}.Release|Any CPU.Build.0 = Release|Any CPU
	EndGlobalSection
	GlobalSection(SolutionProperties) = preSolution
		HideSolutionNode = FALSE
	EndGlobalSection
	GlobalSection(NestedProjects) = preSolution
		{17192D91-E377-4363-951C-9B5156EF1BA5} = {00FF3E33-5430-435A-8202-CF8C87339614}
	EndGlobalSection
EndGlobal
