
Microsoft Visual Studio Solution File, Format Version 12.00
# Visual Studio Version 17
VisualStudioVersion = 17.0.31903.59
MinimumVisualStudioVersion = 10.0.40219.1
Project("{2150E333-8FDC-42A3-9474-1A3956D46DE8}") = "src", "src", "{1D1E4A74-6489-421C-A288-696C55C638D8}"
	ProjectSection(SolutionItems) = preProject
		Directory.Packages.props = Directory.Packages.props
	EndProjectSection
EndProject
Project("{9A19103F-16F7-4668-BE54-9A1E7A4F7556}") = "VerticalSliceArchitecture.Api", "src\VerticalSliceArchitecture.Api\VerticalSliceArchitecture.Api.csproj", "{1EEA87DA-342D-4C42-A9C6-DF952947E4F9}"
EndProject
Project("{E53339B2-1760-4266-BCC7-CA923CBCF16C}") = "docker-compose", "docker-compose.dcproj", "{5BD14894-9DB1-4A7D-9A22-23C889468934}"
EndProject
Global
	GlobalSection(SolutionConfigurationPlatforms) = preSolution
		Debug|Any CPU = Debug|Any CPU
		Release|Any CPU = Release|Any CPU
	EndGlobalSection
	GlobalSection(ProjectConfigurationPlatforms) = postSolution
		{1EEA87DA-342D-4C42-A9C6-DF952947E4F9}.Debug|Any CPU.ActiveCfg = Debug|Any CPU
		{1EEA87DA-342D-4C42-A9C6-DF952947E4F9}.Debug|Any CPU.Build.0 = Debug|Any CPU
		{1EEA87DA-342D-4C42-A9C6-DF952947E4F9}.Release|Any CPU.ActiveCfg = Release|Any CPU
		{1EEA87DA-342D-4C42-A9C6-DF952947E4F9}.Release|Any CPU.Build.0 = Release|Any CPU
		{5BD14894-9DB1-4A7D-9A22-23C889468934}.Debug|Any CPU.ActiveCfg = Debug|Any CPU
		{5BD14894-9DB1-4A7D-9A22-23C889468934}.Debug|Any CPU.Build.0 = Debug|Any CPU
		{5BD14894-9DB1-4A7D-9A22-23C889468934}.Release|Any CPU.ActiveCfg = Release|Any CPU
		{5BD14894-9DB1-4A7D-9A22-23C889468934}.Release|Any CPU.Build.0 = Release|Any CPU
	EndGlobalSection
	GlobalSection(SolutionProperties) = preSolution
		HideSolutionNode = FALSE
	EndGlobalSection
	GlobalSection(NestedProjects) = preSolution
		{1EEA87DA-342D-4C42-A9C6-DF952947E4F9} = {1D1E4A74-6489-421C-A288-696C55C638D8}
	EndGlobalSection
	GlobalSection(ExtensibilityGlobals) = postSolution
		SolutionGuid = {AAC4EB8B-A2BB-443C-9889-5603F58FD080}
	EndGlobalSection
EndGlobal
